
Microsoft Visual Studio Solution File, Format Version 12.00
# Visual Studio Version 17
VisualStudioVersion = 17.0.32112.339
MinimumVisualStudioVersion = 10.0.40219.1
Project("{9A19103F-16F7-4668-BE54-9A1E7A4F7556}") = "Practics.Trucking.Domain", "Practics.Trucking.Domain\Practics.Trucking.Domain.csproj", "{0897D87D-4060-488A-9A99-5639CD972939}"
EndProject
Project("{9A19103F-16F7-4668-BE54-9A1E7A4F7556}") = "Practics.Trucking.Infrastructure", "Practics.Trucking.Infrastructure\Practics.Trucking.Infrastructure.csproj", "{9FFA2A93-9758-460D-812E-31E9D95933E0}"
EndProject
Project("{9A19103F-16F7-4668-BE54-9A1E7A4F7556}") = "Practics.Trucking.Application", "Practics.Trucking.Application\Practics.Trucking.Application.csproj", "{F5B24B3C-1D78-44B4-9871-764AF402A640}"
EndProject
Project("{FAE04EC0-301F-11D3-BF4B-00C04F79EFBC}") = "Practics.Trucking", "Practics.Trucking\Practics.Trucking.csproj", "{33D59439-CB79-4C70-8E4B-4DDD6B89D436}"
EndProject
Project("{FAE04EC0-301F-11D3-BF4B-00C04F79EFBC}") = "Practics.Trucking.Tests", "Practics.Trucking.Tests\Practics.Trucking.Tests.csproj", "{E568ACF4-7079-4B34-923A-9232A38739F9}"
EndProject
Global
	GlobalSection(SolutionConfigurationPlatforms) = preSolution
		Debug|Any CPU = Debug|Any CPU
		Release|Any CPU = Release|Any CPU
	EndGlobalSection
	GlobalSection(ProjectConfigurationPlatforms) = postSolution
		{0897D87D-4060-488A-9A99-5639CD972939}.Debug|Any CPU.ActiveCfg = Debug|Any CPU
		{0897D87D-4060-488A-9A99-5639CD972939}.Debug|Any CPU.Build.0 = Debug|Any CPU
		{0897D87D-4060-488A-9A99-5639CD972939}.Release|Any CPU.ActiveCfg = Release|Any CPU
		{0897D87D-4060-488A-9A99-5639CD972939}.Release|Any CPU.Build.0 = Release|Any CPU
		{9FFA2A93-9758-460D-812E-31E9D95933E0}.Debug|Any CPU.ActiveCfg = Debug|Any CPU
		{9FFA2A93-9758-460D-812E-31E9D95933E0}.Debug|Any CPU.Build.0 = Debug|Any CPU
		{9FFA2A93-9758-460D-812E-31E9D95933E0}.Release|Any CPU.ActiveCfg = Release|Any CPU
		{9FFA2A93-9758-460D-812E-31E9D95933E0}.Release|Any CPU.Build.0 = Release|Any CPU
		{F5B24B3C-1D78-44B4-9871-764AF402A640}.Debug|Any CPU.ActiveCfg = Debug|Any CPU
		{F5B24B3C-1D78-44B4-9871-764AF402A640}.Debug|Any CPU.Build.0 = Debug|Any CPU
		{F5B24B3C-1D78-44B4-9871-764AF402A640}.Release|Any CPU.ActiveCfg = Release|Any CPU
		{F5B24B3C-1D78-44B4-9871-764AF402A640}.Release|Any CPU.Build.0 = Release|Any CPU
		{33D59439-CB79-4C70-8E4B-4DDD6B89D436}.Debug|Any CPU.ActiveCfg = Debug|Any CPU
		{33D59439-CB79-4C70-8E4B-4DDD6B89D436}.Debug|Any CPU.Build.0 = Debug|Any CPU
		{33D59439-CB79-4C70-8E4B-4DDD6B89D436}.Release|Any CPU.ActiveCfg = Release|Any CPU
		{33D59439-CB79-4C70-8E4B-4DDD6B89D436}.Release|Any CPU.Build.0 = Release|Any CPU
		{E568ACF4-7079-4B34-923A-9232A38739F9}.Debug|Any CPU.ActiveCfg = Debug|Any CPU
		{E568ACF4-7079-4B34-923A-9232A38739F9}.Debug|Any CPU.Build.0 = Debug|Any CPU
		{E568ACF4-7079-4B34-923A-9232A38739F9}.Release|Any CPU.ActiveCfg = Release|Any CPU
		{E568ACF4-7079-4B34-923A-9232A38739F9}.Release|Any CPU.Build.0 = Release|Any CPU
	EndGlobalSection
	GlobalSection(SolutionProperties) = preSolution
		HideSolutionNode = FALSE
	EndGlobalSection
	GlobalSection(ExtensibilityGlobals) = postSolution
		SolutionGuid = {CBA19265-257E-40D5-AE8B-83F23AA407E4}
	EndGlobalSection
EndGlobal
